
Microsoft Visual Studio Solution File, Format Version 12.00
# Visual Studio Version 16
VisualStudioVersion = 16.0.31424.327
MinimumVisualStudioVersion = 10.0.40219.1
Project("{FAE04EC0-301F-11D3-BF4B-00C04F79EFBC}") = "AutomaticCursorChange", "AutomaticCursorChange.csproj", "{14A945A5-8DE1-4BCA-B2BB-8C08A82AF8B6}"
EndProject
Global
	GlobalSection(SolutionConfigurationPlatforms) = preSolution
		Debug|Any CPU = Debug|Any CPU
		Release|Any CPU = Release|Any CPU
	EndGlobalSection
	GlobalSection(ProjectConfigurationPlatforms) = postSolution
		{14A945A5-8DE1-4BCA-B2BB-8C08A82AF8B6}.Debug|Any CPU.ActiveCfg = Debug|Any CPU
		{14A945A5-8DE1-4BCA-B2BB-8C08A82AF8B6}.Debug|Any CPU.Build.0 = Debug|Any CPU
		{14A945A5-8DE1-4BCA-B2BB-8C08A82AF8B6}.Release|Any CPU.ActiveCfg = Release|Any CPU
		{14A945A5-8DE1-4BCA-B2BB-8C08A82AF8B6}.Release|Any CPU.Build.0 = Release|Any CPU
	EndGlobalSection
	GlobalSection(SolutionProperties) = preSolution
		HideSolutionNode = FALSE
	EndGlobalSection
	GlobalSection(ExtensibilityGlobals) = postSolution
		SolutionGuid = {12C9E5C1-46ED-4265-80D8-4A1F1732D926}
	EndGlobalSection
EndGlobal
